// !$*UTF8*$!
{
	archiveVersion = 1;
	classes = {
	};
	objectVersion = 50;
	objects = {

/* Begin PBXBuildFile section */
		B76045D32361777B00C1634E /* AppDelegate.swift in Sources */ = {isa = PBXBuildFile; fileRef = B76045D22361777B00C1634E /* AppDelegate.swift */; };
		B76045D52361777B00C1634E /* ViewController.swift in Sources */ = {isa = PBXBuildFile; fileRef = B76045D42361777B00C1634E /* ViewController.swift */; };
		B76045D82361777B00C1634E /* Main.storyboard in Resources */ = {isa = PBXBuildFile; fileRef = B76045D62361777B00C1634E /* Main.storyboard */; };
		B76045DA2361777C00C1634E /* Assets.xcassets in Resources */ = {isa = PBXBuildFile; fileRef = B76045D92361777C00C1634E /* Assets.xcassets */; };
		B76045DD2361777C00C1634E /* LaunchScreen.storyboard in Resources */ = {isa = PBXBuildFile; fileRef = B76045DB2361777C00C1634E /* LaunchScreen.storyboard */; };
		B76045E82361777C00C1634E /* SampleTestTests.swift in Sources */ = {isa = PBXBuildFile; fileRef = B76045E72361777C00C1634E /* SampleTestTests.swift */; };
		B76045F32361777C00C1634E /* SampleTestUITests.swift in Sources */ = {isa = PBXBuildFile; fileRef = B76045F22361777C00C1634E /* SampleTestUITests.swift */; };
		B7604601236177D000C1634E /* TrackerInfoViewController.swift in Sources */ = {isa = PBXBuildFile; fileRef = B7604600236177D000C1634E /* TrackerInfoViewController.swift */; };
		B7604605236177EC00C1634E /* BaseViewController.swift in Sources */ = {isa = PBXBuildFile; fileRef = B7604604236177EC00C1634E /* BaseViewController.swift */; };
		B760461B236184A700C1634E /* IBDesignableExtension.swift in Sources */ = {isa = PBXBuildFile; fileRef = B760461A236184A700C1634E /* IBDesignableExtension.swift */; };
		B760461E23618B7900C1634E /* Constant.swift in Sources */ = {isa = PBXBuildFile; fileRef = B760461D23618B7900C1634E /* Constant.swift */; };
		B760461F23618B7900C1634E /* Constant.swift in Sources */ = {isa = PBXBuildFile; fileRef = B760461D23618B7900C1634E /* Constant.swift */; };
		B760462023618B7900C1634E /* Constant.swift in Sources */ = {isa = PBXBuildFile; fileRef = B760461D23618B7900C1634E /* Constant.swift */; };
/* End PBXBuildFile section */

/* Begin PBXContainerItemProxy section */
		B76045E42361777C00C1634E /* PBXContainerItemProxy */ = {
			isa = PBXContainerItemProxy;
			containerPortal = B76045C72361777B00C1634E /* Project object */;
			proxyType = 1;
			remoteGlobalIDString = B76045CE2361777B00C1634E;
			remoteInfo = SampleTest;
		};
		B76045EF2361777C00C1634E /* PBXContainerItemProxy */ = {
			isa = PBXContainerItemProxy;
			containerPortal = B76045C72361777B00C1634E /* Project object */;
			proxyType = 1;
			remoteGlobalIDString = B76045CE2361777B00C1634E;
			remoteInfo = SampleTest;
		};
/* End PBXContainerItemProxy section */

/* Begin PBXFileReference section */
		B76045CF2361777B00C1634E /* SampleTest.app */ = {isa = PBXFileReference; explicitFileType = wrapper.application; includeInIndex = 0; path = SampleTest.app; sourceTree = BUILT_PRODUCTS_DIR; };
		B76045D22361777B00C1634E /* AppDelegate.swift */ = {isa = PBXFileReference; lastKnownFileType = sourcecode.swift; path = AppDelegate.swift; sourceTree = "<group>"; };
		B76045D42361777B00C1634E /* ViewController.swift */ = {isa = PBXFileReference; lastKnownFileType = sourcecode.swift; path = ViewController.swift; sourceTree = "<group>"; };
		B76045D72361777B00C1634E /* Base */ = {isa = PBXFileReference; lastKnownFileType = file.storyboard; name = Base; path = Base.lproj/Main.storyboard; sourceTree = "<group>"; };
		B76045D92361777C00C1634E /* Assets.xcassets */ = {isa = PBXFileReference; lastKnownFileType = folder.assetcatalog; path = Assets.xcassets; sourceTree = "<group>"; };
		B76045DC2361777C00C1634E /* Base */ = {isa = PBXFileReference; lastKnownFileType = file.storyboard; name = Base; path = Base.lproj/LaunchScreen.storyboard; sourceTree = "<group>"; };
		B76045DE2361777C00C1634E /* Info.plist */ = {isa = PBXFileReference; lastKnownFileType = text.plist.xml; path = Info.plist; sourceTree = "<group>"; };
		B76045E32361777C00C1634E /* SampleTestTests.xctest */ = {isa = PBXFileReference; explicitFileType = wrapper.cfbundle; includeInIndex = 0; path = SampleTestTests.xctest; sourceTree = BUILT_PRODUCTS_DIR; };
		B76045E72361777C00C1634E /* SampleTestTests.swift */ = {isa = PBXFileReference; lastKnownFileType = sourcecode.swift; path = SampleTestTests.swift; sourceTree = "<group>"; };
		B76045E92361777C00C1634E /* Info.plist */ = {isa = PBXFileReference; lastKnownFileType = text.plist.xml; path = Info.plist; sourceTree = "<group>"; };
		B76045EE2361777C00C1634E /* SampleTestUITests.xctest */ = {isa = PBXFileReference; explicitFileType = wrapper.cfbundle; includeInIndex = 0; path = SampleTestUITests.xctest; sourceTree = BUILT_PRODUCTS_DIR; };
		B76045F22361777C00C1634E /* SampleTestUITests.swift */ = {isa = PBXFileReference; lastKnownFileType = sourcecode.swift; path = SampleTestUITests.swift; sourceTree = "<group>"; };
		B76045F42361777C00C1634E /* Info.plist */ = {isa = PBXFileReference; lastKnownFileType = text.plist.xml; path = Info.plist; sourceTree = "<group>"; };
		B7604600236177D000C1634E /* TrackerInfoViewController.swift */ = {isa = PBXFileReference; lastKnownFileType = sourcecode.swift; path = TrackerInfoViewController.swift; sourceTree = "<group>"; };
		B7604604236177EC00C1634E /* BaseViewController.swift */ = {isa = PBXFileReference; lastKnownFileType = sourcecode.swift; path = BaseViewController.swift; sourceTree = "<group>"; };
		B760461A236184A700C1634E /* IBDesignableExtension.swift */ = {isa = PBXFileReference; fileEncoding = 4; lastKnownFileType = sourcecode.swift; name = IBDesignableExtension.swift; path = ../../../../../../../../Downloads/IOS/QIC/Source/General/Extensions/IBDesignableExtension.swift; sourceTree = "<group>"; };
		B760461D23618B7900C1634E /* Constant.swift */ = {isa = PBXFileReference; lastKnownFileType = sourcecode.swift; path = Constant.swift; sourceTree = "<group>"; };
/* End PBXFileReference section */

/* Begin PBXFrameworksBuildPhase section */
		B76045CC2361777B00C1634E /* Frameworks */ = {
			isa = PBXFrameworksBuildPhase;
			buildActionMask = 2147483647;
			files = (
			);
			runOnlyForDeploymentPostprocessing = 0;
		};
		B76045E02361777C00C1634E /* Frameworks */ = {
			isa = PBXFrameworksBuildPhase;
			buildActionMask = 2147483647;
			files = (
			);
			runOnlyForDeploymentPostprocessing = 0;
		};
		B76045EB2361777C00C1634E /* Frameworks */ = {
			isa = PBXFrameworksBuildPhase;
			buildActionMask = 2147483647;
			files = (
			);
			runOnlyForDeploymentPostprocessing = 0;
		};
/* End PBXFrameworksBuildPhase section */

/* Begin PBXGroup section */
		B76045C62361777B00C1634E = {
			isa = PBXGroup;
			children = (
				B76045D12361777B00C1634E /* SampleTest */,
				B76045E62361777C00C1634E /* SampleTestTests */,
				B76045F12361777C00C1634E /* SampleTestUITests */,
				B76045D02361777B00C1634E /* Products */,
			);
			sourceTree = "<group>";
		};
		B76045D02361777B00C1634E /* Products */ = {
			isa = PBXGroup;
			children = (
				B76045CF2361777B00C1634E /* SampleTest.app */,
				B76045E32361777C00C1634E /* SampleTestTests.xctest */,
				B76045EE2361777C00C1634E /* SampleTestUITests.xctest */,
			);
			name = Products;
			sourceTree = "<group>";
		};
		B76045D12361777B00C1634E /* SampleTest */ = {
			isa = PBXGroup;
			children = (
				B760460C23617B0200C1634E /* Resources */,
				B76046182361843800C1634E /* Source */,
			);
			path = SampleTest;
			sourceTree = "<group>";
		};
		B76045E62361777C00C1634E /* SampleTestTests */ = {
			isa = PBXGroup;
			children = (
				B76045E72361777C00C1634E /* SampleTestTests.swift */,
				B76045E92361777C00C1634E /* Info.plist */,
			);
			path = SampleTestTests;
			sourceTree = "<group>";
		};
		B76045F12361777C00C1634E /* SampleTestUITests */ = {
			isa = PBXGroup;
			children = (
				B76045F22361777C00C1634E /* SampleTestUITests.swift */,
				B76045F42361777C00C1634E /* Info.plist */,
			);
			path = SampleTestUITests;
			sourceTree = "<group>";
		};
		B760460823617A5F00C1634E /* Model */ = {
			isa = PBXGroup;
			children = (
			);
			path = Model;
			sourceTree = "<group>";
		};
		B760460923617A7400C1634E /* View */ = {
			isa = PBXGroup;
			children = (
				B76045D62361777B00C1634E /* Main.storyboard */,
			);
			path = View;
			sourceTree = "<group>";
		};
		B760460A23617A7C00C1634E /* Controller */ = {
			isa = PBXGroup;
			children = (
				B7604600236177D000C1634E /* TrackerInfoViewController.swift */,
				B76045D42361777B00C1634E /* ViewController.swift */,
			);
			path = Controller;
			sourceTree = "<group>";
		};
		B760460B23617AB100C1634E /* Business Modules */ = {
			isa = PBXGroup;
			children = (
				B760461023617B9800C1634E /* Base */,
				B760460F23617B8400C1634E /* Tracker */,
			);
			path = "Business Modules";
			sourceTree = "<group>";
		};
		B760460C23617B0200C1634E /* Resources */ = {
			isa = PBXGroup;
			children = (
				B760460E23617B5600C1634E /* Assets */,
				B760460D23617B1D00C1634E /* Plist */,
			);
			path = Resources;
			sourceTree = "<group>";
		};
		B760460D23617B1D00C1634E /* Plist */ = {
			isa = PBXGroup;
			children = (
				B76045DE2361777C00C1634E /* Info.plist */,
			);
			path = Plist;
			sourceTree = "<group>";
		};
		B760460E23617B5600C1634E /* Assets */ = {
			isa = PBXGroup;
			children = (
				B76045D92361777C00C1634E /* Assets.xcassets */,
			);
			path = Assets;
			sourceTree = "<group>";
		};
		B760460F23617B8400C1634E /* Tracker */ = {
			isa = PBXGroup;
			children = (
				B760460823617A5F00C1634E /* Model */,
				B760460923617A7400C1634E /* View */,
				B760460A23617A7C00C1634E /* Controller */,
			);
			path = Tracker;
			sourceTree = "<group>";
		};
		B760461023617B9800C1634E /* Base */ = {
			isa = PBXGroup;
			children = (
				B760461423617BE800C1634E /* App Delegate */,
				B760461323617BC600C1634E /* Controller */,
				B760461223617BBE00C1634E /* View */,
				B760461123617BB700C1634E /* Model */,
			);
			path = Base;
			sourceTree = "<group>";
		};
		B760461123617BB700C1634E /* Model */ = {
			isa = PBXGroup;
			children = (
			);
			path = Model;
			sourceTree = "<group>";
		};
		B760461223617BBE00C1634E /* View */ = {
			isa = PBXGroup;
			children = (
				B76045DB2361777C00C1634E /* LaunchScreen.storyboard */,
			);
			path = View;
			sourceTree = "<group>";
		};
		B760461323617BC600C1634E /* Controller */ = {
			isa = PBXGroup;
			children = (
				B7604604236177EC00C1634E /* BaseViewController.swift */,
			);
			path = Controller;
			sourceTree = "<group>";
		};
		B760461423617BE800C1634E /* App Delegate */ = {
			isa = PBXGroup;
			children = (
				B76045D22361777B00C1634E /* AppDelegate.swift */,
			);
			path = "App Delegate";
			sourceTree = "<group>";
		};
		B7604615236183EF00C1634E /* General */ = {
			isa = PBXGroup;
			children = (
				B760461C23618B6300C1634E /* Constant */,
				B76046192361849300C1634E /* Extension */,
				B76046172361840E00C1634E /* Code snippet */,
				B76046162361840500C1634E /* Utilities */,
			);
			path = General;
			sourceTree = "<group>";
		};
		B76046162361840500C1634E /* Utilities */ = {
			isa = PBXGroup;
			children = (
			);
			path = Utilities;
			sourceTree = "<group>";
		};
		B76046172361840E00C1634E /* Code snippet */ = {
			isa = PBXGroup;
			children = (
			);
			path = "Code snippet";
			sourceTree = "<group>";
		};
		B76046182361843800C1634E /* Source */ = {
			isa = PBXGroup;
			children = (
				B760460B23617AB100C1634E /* Business Modules */,
				B7604615236183EF00C1634E /* General */,
			);
			path = Source;
			sourceTree = "<group>";
		};
		B76046192361849300C1634E /* Extension */ = {
			isa = PBXGroup;
			children = (
				B760461A236184A700C1634E /* IBDesignableExtension.swift */,
			);
			path = Extension;
			sourceTree = "<group>";
		};
		B760461C23618B6300C1634E /* Constant */ = {
			isa = PBXGroup;
			children = (
				B760461D23618B7900C1634E /* Constant.swift */,
			);
			path = Constant;
			sourceTree = "<group>";
		};
/* End PBXGroup section */

/* Begin PBXNativeTarget section */
		B76045CE2361777B00C1634E /* SampleTest */ = {
			isa = PBXNativeTarget;
			buildConfigurationList = B76045F72361777C00C1634E /* Build configuration list for PBXNativeTarget "SampleTest" */;
			buildPhases = (
				B76045CB2361777B00C1634E /* Sources */,
				B76045CC2361777B00C1634E /* Frameworks */,
				B76045CD2361777B00C1634E /* Resources */,
			);
			buildRules = (
			);
			dependencies = (
			);
			name = SampleTest;
			productName = SampleTest;
			productReference = B76045CF2361777B00C1634E /* SampleTest.app */;
			productType = "com.apple.product-type.application";
		};
		B76045E22361777C00C1634E /* SampleTestTests */ = {
			isa = PBXNativeTarget;
			buildConfigurationList = B76045FA2361777C00C1634E /* Build configuration list for PBXNativeTarget "SampleTestTests" */;
			buildPhases = (
				B76045DF2361777C00C1634E /* Sources */,
				B76045E02361777C00C1634E /* Frameworks */,
				B76045E12361777C00C1634E /* Resources */,
			);
			buildRules = (
			);
			dependencies = (
				B76045E52361777C00C1634E /* PBXTargetDependency */,
			);
			name = SampleTestTests;
			productName = SampleTestTests;
			productReference = B76045E32361777C00C1634E /* SampleTestTests.xctest */;
			productType = "com.apple.product-type.bundle.unit-test";
		};
		B76045ED2361777C00C1634E /* SampleTestUITests */ = {
			isa = PBXNativeTarget;
			buildConfigurationList = B76045FD2361777C00C1634E /* Build configuration list for PBXNativeTarget "SampleTestUITests" */;
			buildPhases = (
				B76045EA2361777C00C1634E /* Sources */,
				B76045EB2361777C00C1634E /* Frameworks */,
				B76045EC2361777C00C1634E /* Resources */,
			);
			buildRules = (
			);
			dependencies = (
				B76045F02361777C00C1634E /* PBXTargetDependency */,
			);
			name = SampleTestUITests;
			productName = SampleTestUITests;
			productReference = B76045EE2361777C00C1634E /* SampleTestUITests.xctest */;
			productType = "com.apple.product-type.bundle.ui-testing";
		};
/* End PBXNativeTarget section */

/* Begin PBXProject section */
		B76045C72361777B00C1634E /* Project object */ = {
			isa = PBXProject;
			attributes = {
				LastSwiftUpdateCheck = 1020;
				LastUpgradeCheck = 1020;
				ORGANIZATIONNAME = HMSPL;
				TargetAttributes = {
					B76045CE2361777B00C1634E = {
						CreatedOnToolsVersion = 10.2.1;
					};
					B76045E22361777C00C1634E = {
						CreatedOnToolsVersion = 10.2.1;
						TestTargetID = B76045CE2361777B00C1634E;
					};
					B76045ED2361777C00C1634E = {
						CreatedOnToolsVersion = 10.2.1;
						TestTargetID = B76045CE2361777B00C1634E;
					};
				};
			};
			buildConfigurationList = B76045CA2361777B00C1634E /* Build configuration list for PBXProject "SampleTest" */;
			compatibilityVersion = "Xcode 9.3";
			developmentRegion = en;
			hasScannedForEncodings = 0;
			knownRegions = (
				en,
				Base,
			);
			mainGroup = B76045C62361777B00C1634E;
			productRefGroup = B76045D02361777B00C1634E /* Products */;
			projectDirPath = "";
			projectRoot = "";
			targets = (
				B76045CE2361777B00C1634E /* SampleTest */,
				B76045E22361777C00C1634E /* SampleTestTests */,
				B76045ED2361777C00C1634E /* SampleTestUITests */,
			);
		};
/* End PBXProject section */

/* Begin PBXResourcesBuildPhase section */
		B76045CD2361777B00C1634E /* Resources */ = {
			isa = PBXResourcesBuildPhase;
			buildActionMask = 2147483647;
			files = (
				B76045DD2361777C00C1634E /* LaunchScreen.storyboard in Resources */,
				B76045DA2361777C00C1634E /* Assets.xcassets in Resources */,
				B76045D82361777B00C1634E /* Main.storyboard in Resources */,
			);
			runOnlyForDeploymentPostprocessing = 0;
		};
		B76045E12361777C00C1634E /* Resources */ = {
			isa = PBXResourcesBuildPhase;
			buildActionMask = 2147483647;
			files = (
			);
			runOnlyForDeploymentPostprocessing = 0;
		};
		B76045EC2361777C00C1634E /* Resources */ = {
			isa = PBXResourcesBuildPhase;
			buildActionMask = 2147483647;
			files = (
			);
			runOnlyForDeploymentPostprocessing = 0;
		};
/* End PBXResourcesBuildPhase section */

/* Begin PBXSourcesBuildPhase section */
		B76045CB2361777B00C1634E /* Sources */ = {
			isa = PBXSourcesBuildPhase;
			buildActionMask = 2147483647;
			files = (
				B760461B236184A700C1634E /* IBDesignableExtension.swift in Sources */,
				B7604601236177D000C1634E /* TrackerInfoViewController.swift in Sources */,
				B7604605236177EC00C1634E /* BaseViewController.swift in Sources */,
				B76045D52361777B00C1634E /* ViewController.swift in Sources */,
				B76045D32361777B00C1634E /* AppDelegate.swift in Sources */,
				B760461E23618B7900C1634E /* Constant.swift in Sources */,
			);
			runOnlyForDeploymentPostprocessing = 0;
		};
		B76045DF2361777C00C1634E /* Sources */ = {
			isa = PBXSourcesBuildPhase;
			buildActionMask = 2147483647;
			files = (
				B76045E82361777C00C1634E /* SampleTestTests.swift in Sources */,
				B760461F23618B7900C1634E /* Constant.swift in Sources */,
			);
			runOnlyForDeploymentPostprocessing = 0;
		};
		B76045EA2361777C00C1634E /* Sources */ = {
			isa = PBXSourcesBuildPhase;
			buildActionMask = 2147483647;
			files = (
				B76045F32361777C00C1634E /* SampleTestUITests.swift in Sources */,
				B760462023618B7900C1634E /* Constant.swift in Sources */,
			);
			runOnlyForDeploymentPostprocessing = 0;
		};
/* End PBXSourcesBuildPhase section */

/* Begin PBXTargetDependency section */
		B76045E52361777C00C1634E /* PBXTargetDependency */ = {
			isa = PBXTargetDependency;
			target = B76045CE2361777B00C1634E /* SampleTest */;
			targetProxy = B76045E42361777C00C1634E /* PBXContainerItemProxy */;
		};
		B76045F02361777C00C1634E /* PBXTargetDependency */ = {
			isa = PBXTargetDependency;
			target = B76045CE2361777B00C1634E /* SampleTest */;
			targetProxy = B76045EF2361777C00C1634E /* PBXContainerItemProxy */;
		};
/* End PBXTargetDependency section */

/* Begin PBXVariantGroup section */
		B76045D62361777B00C1634E /* Main.storyboard */ = {
			isa = PBXVariantGroup;
			children = (
				B76045D72361777B00C1634E /* Base */,
			);
			name = Main.storyboard;
			sourceTree = "<group>";
		};
		B76045DB2361777C00C1634E /* LaunchScreen.storyboard */ = {
			isa = PBXVariantGroup;
			children = (
				B76045DC2361777C00C1634E /* Base */,
			);
			name = LaunchScreen.storyboard;
			sourceTree = "<group>";
		};
/* End PBXVariantGroup section */

/* Begin XCBuildConfiguration section */
		B76045F52361777C00C1634E /* Debug */ = {
			isa = XCBuildConfiguration;
			buildSettings = {
				ALWAYS_SEARCH_USER_PATHS = NO;
				CLANG_ANALYZER_NONNULL = YES;
				CLANG_ANALYZER_NUMBER_OBJECT_CONVERSION = YES_AGGRESSIVE;
				CLANG_CXX_LANGUAGE_STANDARD = "gnu++14";
				CLANG_CXX_LIBRARY = "libc++";
				CLANG_ENABLE_MODULES = YES;
				CLANG_ENABLE_OBJC_ARC = YES;
				CLANG_ENABLE_OBJC_WEAK = YES;
				CLANG_WARN_BLOCK_CAPTURE_AUTORELEASING = YES;
				CLANG_WARN_BOOL_CONVERSION = YES;
				CLANG_WARN_COMMA = YES;
				CLANG_WARN_CONSTANT_CONVERSION = YES;
				CLANG_WARN_DEPRECATED_OBJC_IMPLEMENTATIONS = YES;
				CLANG_WARN_DIRECT_OBJC_ISA_USAGE = YES_ERROR;
				CLANG_WARN_DOCUMENTATION_COMMENTS = YES;
				CLANG_WARN_EMPTY_BODY = YES;
				CLANG_WARN_ENUM_CONVERSION = YES;
				CLANG_WARN_INFINITE_RECURSION = YES;
				CLANG_WARN_INT_CONVERSION = YES;
				CLANG_WARN_NON_LITERAL_NULL_CONVERSION = YES;
				CLANG_WARN_OBJC_IMPLICIT_RETAIN_SELF = YES;
				CLANG_WARN_OBJC_LITERAL_CONVERSION = YES;
				CLANG_WARN_OBJC_ROOT_CLASS = YES_ERROR;
				CLANG_WARN_RANGE_LOOP_ANALYSIS = YES;
				CLANG_WARN_STRICT_PROTOTYPES = YES;
				CLANG_WARN_SUSPICIOUS_MOVE = YES;
				CLANG_WARN_UNGUARDED_AVAILABILITY = YES_AGGRESSIVE;
				CLANG_WARN_UNREACHABLE_CODE = YES;
				CLANG_WARN__DUPLICATE_METHOD_MATCH = YES;
				CODE_SIGN_IDENTITY = "iPhone Developer";
				COPY_PHASE_STRIP = NO;
				DEBUG_INFORMATION_FORMAT = dwarf;
				ENABLE_STRICT_OBJC_MSGSEND = YES;
				ENABLE_TESTABILITY = YES;
				GCC_C_LANGUAGE_STANDARD = gnu11;
				GCC_DYNAMIC_NO_PIC = NO;
				GCC_NO_COMMON_BLOCKS = YES;
				GCC_OPTIMIZATION_LEVEL = 0;
				GCC_PREPROCESSOR_DEFINITIONS = (
					"DEBUG=1",
					"$(inherited)",
				);
				GCC_WARN_64_TO_32_BIT_CONVERSION = YES;
				GCC_WARN_ABOUT_RETURN_TYPE = YES_ERROR;
				GCC_WARN_UNDECLARED_SELECTOR = YES;
				GCC_WARN_UNINITIALIZED_AUTOS = YES_AGGRESSIVE;
				GCC_WARN_UNUSED_FUNCTION = YES;
				GCC_WARN_UNUSED_VARIABLE = YES;
				IPHONEOS_DEPLOYMENT_TARGET = 12.2;
				MTL_ENABLE_DEBUG_INFO = INCLUDE_SOURCE;
				MTL_FAST_MATH = YES;
				ONLY_ACTIVE_ARCH = YES;
				SDKROOT = iphoneos;
				SWIFT_ACTIVE_COMPILATION_CONDITIONS = DEBUG;
				SWIFT_OPTIMIZATION_LEVEL = "-Onone";
			};
			name = Debug;
		};
		B76045F62361777C00C1634E /* Release */ = {
			isa = XCBuildConfiguration;
			buildSettings = {
				ALWAYS_SEARCH_USER_PATHS = NO;
				CLANG_ANALYZER_NONNULL = YES;
				CLANG_ANALYZER_NUMBER_OBJECT_CONVERSION = YES_AGGRESSIVE;
				CLANG_CXX_LANGUAGE_STANDARD = "gnu++14";
				CLANG_CXX_LIBRARY = "libc++";
				CLANG_ENABLE_MODULES = YES;
				CLANG_ENABLE_OBJC_ARC = YES;
				CLANG_ENABLE_OBJC_WEAK = YES;
				CLANG_WARN_BLOCK_CAPTURE_AUTORELEASING = YES;
				CLANG_WARN_BOOL_CONVERSION = YES;
				CLANG_WARN_COMMA = YES;
				CLANG_WARN_CONSTANT_CONVERSION = YES;
				CLANG_WARN_DEPRECATED_OBJC_IMPLEMENTATIONS = YES;
				CLANG_WARN_DIRECT_OBJC_ISA_USAGE = YES_ERROR;
				CLANG_WARN_DOCUMENTATION_COMMENTS = YES;
				CLANG_WARN_EMPTY_BODY = YES;
				CLANG_WARN_ENUM_CONVERSION = YES;
				CLANG_WARN_INFINITE_RECURSION = YES;
				CLANG_WARN_INT_CONVERSION = YES;
				CLANG_WARN_NON_LITERAL_NULL_CONVERSION = YES;
				CLANG_WARN_OBJC_IMPLICIT_RETAIN_SELF = YES;
				CLANG_WARN_OBJC_LITERAL_CONVERSION = YES;
				CLANG_WARN_OBJC_ROOT_CLASS = YES_ERROR;
				CLANG_WARN_RANGE_LOOP_ANALYSIS = YES;
				CLANG_WARN_STRICT_PROTOTYPES = YES;
				CLANG_WARN_SUSPICIOUS_MOVE = YES;
				CLANG_WARN_UNGUARDED_AVAILABILITY = YES_AGGRESSIVE;
				CLANG_WARN_UNREACHABLE_CODE = YES;
				CLANG_WARN__DUPLICATE_METHOD_MATCH = YES;
				CODE_SIGN_IDENTITY = "iPhone Developer";
				COPY_PHASE_STRIP = NO;
				DEBUG_INFORMATION_FORMAT = "dwarf-with-dsym";
				ENABLE_NS_ASSERTIONS = NO;
				ENABLE_STRICT_OBJC_MSGSEND = YES;
				GCC_C_LANGUAGE_STANDARD = gnu11;
				GCC_NO_COMMON_BLOCKS = YES;
				GCC_WARN_64_TO_32_BIT_CONVERSION = YES;
				GCC_WARN_ABOUT_RETURN_TYPE = YES_ERROR;
				GCC_WARN_UNDECLARED_SELECTOR = YES;
				GCC_WARN_UNINITIALIZED_AUTOS = YES_AGGRESSIVE;
				GCC_WARN_UNUSED_FUNCTION = YES;
				GCC_WARN_UNUSED_VARIABLE = YES;
				IPHONEOS_DEPLOYMENT_TARGET = 12.2;
				MTL_ENABLE_DEBUG_INFO = NO;
				MTL_FAST_MATH = YES;
				SDKROOT = iphoneos;
				SWIFT_COMPILATION_MODE = wholemodule;
				SWIFT_OPTIMIZATION_LEVEL = "-O";
				VALIDATE_PRODUCT = YES;
			};
			name = Release;
		};
		B76045F82361777C00C1634E /* Debug */ = {
			isa = XCBuildConfiguration;
			buildSettings = {
				ASSETCATALOG_COMPILER_APPICON_NAME = AppIcon;
				CODE_SIGN_STYLE = Automatic;
				DEVELOPMENT_TEAM = CLC2PV4VB3;
				INFOPLIST_FILE = "$(SRCROOT)/SampleTest/Resources/Plist/Info.plist";
				IPHONEOS_DEPLOYMENT_TARGET = 10.0;
				LD_RUNPATH_SEARCH_PATHS = (
					"$(inherited)",
					"@executable_path/Frameworks",
				);
				PRODUCT_BUNDLE_IDENTIFIER = com.hmspl.SampleTest;
				PRODUCT_NAME = "$(TARGET_NAME)";
				SWIFT_VERSION = 5.0;
				TARGETED_DEVICE_FAMILY = "1,2";
			};
			name = Debug;
		};
		B76045F92361777C00C1634E /* Release */ = {
			isa = XCBuildConfiguration;
			buildSettings = {
				ASSETCATALOG_COMPILER_APPICON_NAME = AppIcon;
				CODE_SIGN_STYLE = Automatic;
				DEVELOPMENT_TEAM = CLC2PV4VB3;
				INFOPLIST_FILE = "$(SRCROOT)/SampleTest/Resources/Plist/Info.plist";
				IPHONEOS_DEPLOYMENT_TARGET = 10.0;
				LD_RUNPATH_SEARCH_PATHS = (
					"$(inherited)",
					"@executable_path/Frameworks",
				);
				PRODUCT_BUNDLE_IDENTIFIER = com.hmspl.SampleTest;
				PRODUCT_NAME = "$(TARGET_NAME)";
				SWIFT_VERSION = 5.0;
				TARGETED_DEVICE_FAMILY = "1,2";
			};
			name = Release;
		};
		B76045FB2361777C00C1634E /* Debug */ = {
			isa = XCBuildConfiguration;
			buildSettings = {
				ALWAYS_EMBED_SWIFT_STANDARD_LIBRARIES = YES;
				BUNDLE_LOADER = "$(TEST_HOST)";
				CODE_SIGN_STYLE = Automatic;
				DEVELOPMENT_TEAM = CLC2PV4VB3;
				INFOPLIST_FILE = SampleTestTests/Info.plist;
				LD_RUNPATH_SEARCH_PATHS = (
					"$(inherited)",
					"@executable_path/Frameworks",
					"@loader_path/Frameworks",
				);
				PRODUCT_BUNDLE_IDENTIFIER = com.hmspl.SampleTestTests;
				PRODUCT_NAME = "$(TARGET_NAME)";
				SWIFT_VERSION = 5.0;
				TARGETED_DEVICE_FAMILY = "1,2";
				TEST_HOST = "$(BUILT_PRODUCTS_DIR)/SampleTest.app/SampleTest";
			};
			name = Debug;
		};
		B76045FC2361777C00C1634E /* Release */ = {
			isa = XCBuildConfiguration;
			buildSettings = {
				ALWAYS_EMBED_SWIFT_STANDARD_LIBRARIES = YES;
				BUNDLE_LOADER = "$(TEST_HOST)";
				CODE_SIGN_STYLE = Automatic;
				DEVELOPMENT_TEAM = CLC2PV4VB3;
				INFOPLIST_FILE = SampleTestTests/Info.plist;
				LD_RUNPATH_SEARCH_PATHS = (
					"$(inherited)",
					"@executable_path/Frameworks",
					"@loader_path/Frameworks",
				);
				PRODUCT_BUNDLE_IDENTIFIER = com.hmspl.SampleTestTests;
				PRODUCT_NAME = "$(TARGET_NAME)";
				SWIFT_VERSION = 5.0;
				TARGETED_DEVICE_FAMILY = "1,2";
				TEST_HOST = "$(BUILT_PRODUCTS_DIR)/SampleTest.app/SampleTest";
			};
			name = Release;
		};
		B76045FE2361777C00C1634E /* Debug */ = {
			isa = XCBuildConfiguration;
			buildSettings = {
				ALWAYS_EMBED_SWIFT_STANDARD_LIBRARIES = YES;
				CODE_SIGN_STYLE = Automatic;
				DEVELOPMENT_TEAM = CLC2PV4VB3;
				INFOPLIST_FILE = SampleTestUITests/Info.plist;
				LD_RUNPATH_SEARCH_PATHS = (
					"$(inherited)",
					"@executable_path/Frameworks",
					"@loader_path/Frameworks",
				);
				PRODUCT_BUNDLE_IDENTIFIER = com.hmspl.SampleTestUITests;
				PRODUCT_NAME = "$(TARGET_NAME)";
				SWIFT_VERSION = 5.0;
				TARGETED_DEVICE_FAMILY = "1,2";
				TEST_TARGET_NAME = SampleTest;
			};
			name = Debug;
		};
		B76045FF2361777C00C1634E /* Release */ = {
			isa = XCBuildConfiguration;
			buildSettings = {
				ALWAYS_EMBED_SWIFT_STANDARD_LIBRARIES = YES;
				CODE_SIGN_STYLE = Automatic;
				DEVELOPMENT_TEAM = CLC2PV4VB3;
				INFOPLIST_FILE = SampleTestUITests/Info.plist;
				LD_RUNPATH_SEARCH_PATHS = (
					"$(inherited)",
					"@executable_path/Frameworks",
					"@loader_path/Frameworks",
				);
				PRODUCT_BUNDLE_IDENTIFIER = com.hmspl.SampleTestUITests;
				PRODUCT_NAME = "$(TARGET_NAME)";
				SWIFT_VERSION = 5.0;
				TARGETED_DEVICE_FAMILY = "1,2";
				TEST_TARGET_NAME = SampleTest;
			};
			name = Release;
		};
/* End XCBuildConfiguration section */

/* Begin XCConfigurationList section */
		B76045CA2361777B00C1634E /* Build configuration list for PBXProject "SampleTest" */ = {
			isa = XCConfigurationList;
			buildConfigurations = (
				B76045F52361777C00C1634E /* Debug */,
				B76045F62361777C00C1634E /* Release */,
			);
			defaultConfigurationIsVisible = 0;
			defaultConfigurationName = Release;
		};
		B76045F72361777C00C1634E /* Build configuration list for PBXNativeTarget "SampleTest" */ = {
			isa = XCConfigurationList;
			buildConfigurations = (
				B76045F82361777C00C1634E /* Debug */,
				B76045F92361777C00C1634E /* Release */,
			);
			defaultConfigurationIsVisible = 0;
			defaultConfigurationName = Release;
		};
		B76045FA2361777C00C1634E /* Build configuration list for PBXNativeTarget "SampleTestTests" */ = {
			isa = XCConfigurationList;
			buildConfigurations = (
				B76045FB2361777C00C1634E /* Debug */,
				B76045FC2361777C00C1634E /* Release */,
			);
			defaultConfigurationIsVisible = 0;
			defaultConfigurationName = Release;
		};
		B76045FD2361777C00C1634E /* Build configuration list for PBXNativeTarget "SampleTestUITests" */ = {
			isa = XCConfigurationList;
			buildConfigurations = (
				B76045FE2361777C00C1634E /* Debug */,
				B76045FF2361777C00C1634E /* Release */,
			);
			defaultConfigurationIsVisible = 0;
			defaultConfigurationName = Release;
		};
/* End XCConfigurationList section */
	};
	rootObject = B76045C72361777B00C1634E /* Project object */;
}
